<?xml version="1.0" encoding="utf-8"?>
<Project ToolsVersion="4.0" xmlns="http://schemas.microsoft.com/developer/msbuild/2003">
  <ItemGroup>
    <Filter Include="Source Files">
      <UniqueIdentifier>{4FC737F1-C7A5-4376-A066-2A32D752A2FF}</UniqueIdentifier>
      <Extensions>cpp;cxx;c;def</Extensions>
    </Filter>
    <Filter Include="Header Files">
      <UniqueIdentifier>{93995380-89BD-4b04-88EB-625FBE52EBFB}</UniqueIdentifier>
      <Extensions>h</Extensions>
    </Filter>
    <Filter Include="Form Files">
      <UniqueIdentifier>{99349809-55BA-4b9d-BF79-8FDBB0286EB3}</UniqueIdentifier>
      <Extensions>ui</Extensions>
    </Filter>
    <Filter Include="Resource Files">
      <UniqueIdentifier>{D9D6E242-F8AF-46E4-B9FD-80ECBC20BA3E}</UniqueIdentifier>
      <Extensions>qrc;*</Extensions>
      <ParseFiles>false</ParseFiles>
    </Filter>
    <Filter Include="Generated Files">
      <UniqueIdentifier>{71ED8ED8-ACB9-4CE9-BBE1-E00B30144E11}</UniqueIdentifier>
      <Extensions>moc;h;cpp</Extensions>
      <SourceControlFiles>False</SourceControlFiles>
    </Filter>
    <Filter Include="Generated Files\Release">
      <UniqueIdentifier>{4b6c51a4-f3c6-44e5-bb81-3a9ebf6e9188}</UniqueIdentifier>
      <Extensions>cpp;moc</Extensions>
      <SourceControlFiles>False</SourceControlFiles>
    </Filter>
    <Filter Include="Generated Files\Debug">
      <UniqueIdentifier>{dbbc8693-fd54-4aba-a678-9fe806029313}</UniqueIdentifier>
      <Extensions>cpp;moc</Extensions>
      <SourceControlFiles>False</SourceControlFiles>
    </Filter>
  </ItemGroup>
  <ItemGroup>
    <ClCompile Include="..\src\NcUi\NCMainWindow.cpp">
      <Filter>Source Files</Filter>
    </ClCompile>
    <ClCompile Include="..\src\NcUi\SplashScreen.cpp">
      <Filter>Source Files</Filter>
    </ClCompile>
    <ClCompile Include="GeneratedFiles\qrc_discretesim.cpp">
      <Filter>Generated Files</Filter>
    </ClCompile>
    <ClCompile Include="GeneratedFiles\Release\moc_NCMainWindow.cpp">
      <Filter>Generated Files\Release</Filter>
    </ClCompile>
    <ClCompile Include="GeneratedFiles\Release\moc_SplashScreen.cpp">
      <Filter>Generated Files\Release</Filter>
    </ClCompile>
    <ClCompile Include="GeneratedFiles\Debug\moc_NCMainWindow.cpp">
      <Filter>Generated Files\Debug</Filter>
    </ClCompile>
    <ClCompile Include="GeneratedFiles\Debug\moc_SplashScreen.cpp">
      <Filter>Generated Files\Debug</Filter>
    </ClCompile>
  </ItemGroup>
  <ItemGroup>
    <ClInclude Include="..\include\NcUi\NcUiGlobal.h">
      <Filter>Header Files</Filter>
    </ClInclude>
    <ClInclude Include="GeneratedFiles\ui_discreteSim.h">
      <Filter>Generated Files</Filter>
    </ClInclude>
  </ItemGroup>
  <ItemGroup>
    <CustomBuildStep Include="..\resources\images\toolbar_icons\back.xpm">
      <Filter>Resource Files</Filter>
    </CustomBuildStep>
    <CustomBuildStep Include="..\resources\images\toolbar_icons\background.png">
      <Filter>Resource Files</Filter>
    </CustomBuildStep>
    <CustomBuildStep Include="..\resources\images\toolbar_icons\BackView.png">
      <Filter>Resource Files</Filter>
    </CustomBuildStep>
    <CustomBuildStep Include="..\resources\images\toolbar_icons\BottomView.png">
      <Filter>Resource Files</Filter>
    </CustomBuildStep>
    <CustomBuildStep Include="..\resources\images\toolbar_icons\Center.png">
      <Filter>Resource Files</Filter>
    </CustomBuildStep>
    <CustomBuildStep Include="..\resources\images\tool_icons\centerdrill.png">
      <Filter>Resource Files</Filter>
    </CustomBuildStep>
    <CustomBuildStep Include="..\resources\images\tool_icons\centerdrill_shaft.png">
      <Filter>Resource Files</Filter>
    </CustomBuildStep>
    <CustomBuildStep Include="..\resources\images\toolbar_icons\copy.png">
      <Filter>Resource Files</Filter>
    </CustomBuildStep>
    <CustomBuildStep Include="..\resources\images\toolbar_icons\cut.png">
      <Filter>Resource Files</Filter>
    </CustomBuildStep>
    <CustomBuildStep Include="..\resources\images\tool_icons\deburring_tool.xpm">
      <Filter>Resource Files</Filter>
    </CustomBuildStep>
    <CustomBuildStep Include="..\resources\images\toolbar_icons\default_background.png">
      <Filter>Resource Files</Filter>
    </CustomBuildStep>
    <CustomBuildStep Include="..\resources\images\tool_icons\Drill.xpm">
      <Filter>Resource Files</Filter>
    </CustomBuildStep>
    <CustomBuildStep Include="..\resources\images\tool_icons\Drill1.xpm">
      <Filter>Resource Files</Filter>
    </CustomBuildStep>
    <CustomBuildStep Include="..\resources\images\tool_icons\drill_shank.png">
      <Filter>Resource Files</Filter>
    </CustomBuildStep>
    <CustomBuildStep Include="..\resources\images\toolbar_icons\DS-LogoTransparant-Small.png">
      <Filter>Resource Files</Filter>
    </CustomBuildStep>
    <CustomBuildStep Include="..\resources\images\toolbar_icons\exit.xpm">
      <Filter>Resource Files</Filter>
    </CustomBuildStep>
    <CustomBuildStep Include="..\resources\images\toolbar_icons\fileclose.xpm">
      <Filter>Resource Files</Filter>
    </CustomBuildStep>
    <CustomBuildStep Include="..\resources\images\toolbar_icons\folder_orange_open.xpm">
      <Filter>Resource Files</Filter>
    </CustomBuildStep>
    <CustomBuildStep Include="..\resources\images\toolbar_icons\front.xpm">
      <Filter>Resource Files</Filter>
    </CustomBuildStep>
    <CustomBuildStep Include="..\resources\images\toolbar_icons\FrontView.png">
      <Filter>Resource Files</Filter>
    </CustomBuildStep>
    <CustomBuildStep Include="..\resources\images\tool_icons\Grooving.xpm">
      <Filter>Resource Files</Filter>
    </CustomBuildStep>
    <CustomBuildStep Include="..\resources\images\toolbar_icons\iso.xpm">
      <Filter>Resource Files</Filter>
    </CustomBuildStep>
    <CustomBuildStep Include="..\resources\images\toolbar_icons\IsoView.png">
      <Filter>Resource Files</Filter>
    </CustomBuildStep>
    <CustomBuildStep Include="..\resources\images\tool_icons\knurl.xpm">
      <Filter>Resource Files</Filter>
    </CustomBuildStep>
    <CustomBuildStep Include="..\resources\images\toolbar_icons\LeftView.png">
      <Filter>Resource Files</Filter>
    </CustomBuildStep>
    <CustomBuildStep Include="..\resources\images\tool_icons\lhcutting.xpm">
      <Filter>Resource Files</Filter>
    </CustomBuildStep>
    <CustomBuildStep Include="..\resources\images\toolbar_icons\lhs.xpm">
      <Filter>Resource Files</Filter>
    </CustomBuildStep>
    <CustomBuildStep Include="..\resources\images\toolbar_icons\Linux.PNG">
      <Filter>Resource Files</Filter>
    </CustomBuildStep>
    <CustomBuildStep Include="..\resources\images\toolbar_icons\load_tools.xpm">
      <Filter>Resource Files</Filter>
    </CustomBuildStep>
    <CustomBuildStep Include="..\resources\images\toolbar_icons\new.xpm">
      <Filter>Resource Files</Filter>
    </CustomBuildStep>
    <CustomBuildStep Include="..\resources\images\toolbar_icons\Pan.png">
      <Filter>Resource Files</Filter>
    </CustomBuildStep>
    <CustomBuildStep Include="..\resources\images\tool_icons\Parting.xpm">
      <Filter>Resource Files</Filter>
    </CustomBuildStep>
    <CustomBuildStep Include="..\resources\images\toolbar_icons\paste.png">
      <Filter>Resource Files</Filter>
    </CustomBuildStep>
    <CustomBuildStep Include="..\resources\images\toolbar_icons\player_fwd.xpm">
      <Filter>Resource Files</Filter>
    </CustomBuildStep>
    <CustomBuildStep Include="..\resources\images\toolbar_icons\player_pause.xpm">
      <Filter>Resource Files</Filter>
    </CustomBuildStep>
    <CustomBuildStep Include="..\resources\images\toolbar_icons\player_play.xpm">
      <Filter>Resource Files</Filter>
    </CustomBuildStep>
    <CustomBuildStep Include="..\resources\images\toolbar_icons\player_rew.xpm">
      <Filter>Resource Files</Filter>
    </CustomBuildStep>
    <CustomBuildStep Include="..\resources\images\toolbar_icons\player_stop.xpm">
      <Filter>Resource Files</Filter>
    </CustomBuildStep>
    <CustomBuildStep Include="..\resources\images\toolbar_icons\print.xpm">
      <Filter>Resource Files</Filter>
    </CustomBuildStep>
    <CustomBuildStep Include="..\resources\images\toolbar_icons\Redo.xpm">
      <Filter>Resource Files</Filter>
    </CustomBuildStep>
    <CustomBuildStep Include="..\resources\images\toolbar_icons\RightView.png">
      <Filter>Resource Files</Filter>
    </CustomBuildStep>
    <CustomBuildStep Include="..\resources\images\toolbar_icons\save.xpm">
      <Filter>Resource Files</Filter>
    </CustomBuildStep>
    <CustomBuildStep Include="..\resources\images\toolbar_icons\save_all.xpm">
      <Filter>Resource Files</Filter>
    </CustomBuildStep>
    <CustomBuildStep Include="..\resources\images\toolbar_icons\SaveAs.png">
      <Filter>Resource Files</Filter>
    </CustomBuildStep>
    <CustomBuildStep Include="..\resources\images\tool_icons\Singlepoint.xpm">
      <Filter>Resource Files</Filter>
    </CustomBuildStep>
    <CustomBuildStep Include="..\resources\images\tool_icons\Singlepoint_insert.xpm">
      <Filter>Resource Files</Filter>
    </CustomBuildStep>
    <CustomBuildStep Include="..\resources\images\tool_icons\singlepoint_shank.JPG">
      <Filter>Resource Files</Filter>
    </CustomBuildStep>
    <CustomBuildStep Include="..\resources\images\splash.png">
      <Filter>Resource Files</Filter>
    </CustomBuildStep>
    <CustomBuildStep Include="..\resources\images\splash1.png">
      <Filter>Resource Files</Filter>
    </CustomBuildStep>
    <CustomBuildStep Include="..\resources\images\tool_icons\threading.xpm">
      <Filter>Resource Files</Filter>
    </CustomBuildStep>
    <CustomBuildStep Include="..\resources\images\toolbar_icons\top.xpm">
      <Filter>Resource Files</Filter>
    </CustomBuildStep>
    <CustomBuildStep Include="..\resources\images\toolbar_icons\TopView.png">
      <Filter>Resource Files</Filter>
    </CustomBuildStep>
    <CustomBuildStep Include="..\resources\images\tool_icons\turning_holder">
      <Filter>Resource Files</Filter>
    </CustomBuildStep>
    <CustomBuildStep Include="..\resources\images\tool_icons\turning_holder.xpm">
      <Filter>Resource Files</Filter>
    </CustomBuildStep>
    <CustomBuildStep Include="..\resources\images\toolbar_icons\undo.xpm">
      <Filter>Resource Files</Filter>
    </CustomBuildStep>
    <CustomBuildStep Include="..\resources\images\toolbar_icons\up.xpm">
      <Filter>Resource Files</Filter>
    </CustomBuildStep>
    <CustomBuildStep Include="..\resources\images\toolbar_icons\wireframe.xpm">
      <Filter>Resource Files</Filter>
    </CustomBuildStep>
    <CustomBuildStep Include="..\resources\images\toolbar_icons\ZoomIn.png">
      <Filter>Resource Files</Filter>
    </CustomBuildStep>
    <CustomBuildStep Include="..\resources\images\toolbar_icons\zoomin.xpm">
      <Filter>Resource Files</Filter>
    </CustomBuildStep>
    <CustomBuildStep Include="..\resources\images\toolbar_icons\ZoomOut.png">
      <Filter>Resource Files</Filter>
    </CustomBuildStep>
  </ItemGroup>
  <ItemGroup>
    <CustomBuild Include="..\include\NcUi\NCMainWindow.h">
      <Filter>Header Files</Filter>
    </CustomBuild>
    <CustomBuild Include="..\include\NcUi\SplashScreen.h">
      <Filter>Header Files</Filter>
    </CustomBuild>
    <CustomBuild Include="..\resources\discreteSim.ui">
      <Filter>Form Files</Filter>
    </CustomBuild>
    <CustomBuild Include="..\resources\discretesim.qrc">
      <Filter>Resource Files</Filter>
    </CustomBuild>
  </ItemGroup>
</Project>